
Microsoft Visual Studio Solution File, Format Version 12.00
# Visual Studio 15
VisualStudioVersion = 15.0.28307.421
MinimumVisualStudioVersion = 10.0.40219.1
Project("{F2A71F9B-5D33-465A-A702-920D77279786}") = "FindElemInList", "FindElemInList\FindElemInList.fsproj", "{213CE019-6882-4587-8CE6-E1E4523ABC6C}"
EndProject
Project("{F2A71F9B-5D33-465A-A702-920D77279786}") = "FindElemeInList.Tests", "FindElemeInList.Tests\FindElemeInList.Tests.fsproj", "{EE7E4E7C-241D-43FF-9301-456E80FC23BB}"
EndProject
Global
	GlobalSection(SolutionConfigurationPlatforms) = preSolution
		Debug|Any CPU = Debug|Any CPU
		Release|Any CPU = Release|Any CPU
	EndGlobalSection
	GlobalSection(ProjectConfigurationPlatforms) = postSolution
		{213CE019-6882-4587-8CE6-E1E4523ABC6C}.Debug|Any CPU.ActiveCfg = Debug|Any CPU
		{213CE019-6882-4587-8CE6-E1E4523ABC6C}.Debug|Any CPU.Build.0 = Debug|Any CPU
		{213CE019-6882-4587-8CE6-E1E4523ABC6C}.Release|Any CPU.ActiveCfg = Release|Any CPU
		{213CE019-6882-4587-8CE6-E1E4523ABC6C}.Release|Any CPU.Build.0 = Release|Any CPU
		{EE7E4E7C-241D-43FF-9301-456E80FC23BB}.Debug|Any CPU.ActiveCfg = Debug|Any CPU
		{EE7E4E7C-241D-43FF-9301-456E80FC23BB}.Debug|Any CPU.Build.0 = Debug|Any CPU
		{EE7E4E7C-241D-43FF-9301-456E80FC23BB}.Release|Any CPU.ActiveCfg = Release|Any CPU
		{EE7E4E7C-241D-43FF-9301-456E80FC23BB}.Release|Any CPU.Build.0 = Release|Any CPU
	EndGlobalSection
	GlobalSection(SolutionProperties) = preSolution
		HideSolutionNode = FALSE
	EndGlobalSection
	GlobalSection(ExtensibilityGlobals) = postSolution
		SolutionGuid = {D205ED7C-9D75-4A73-8B90-C5187BFE53CB}
	EndGlobalSection
EndGlobal
