
Microsoft Visual Studio Solution File, Format Version 12.00
# Visual Studio 15
VisualStudioVersion = 15.0.28307.421
MinimumVisualStudioVersion = 10.0.40219.1
Project("{F2A71F9B-5D33-465A-A702-920D77279786}") = "Factorial", "Factorial\Factorial.fsproj", "{388915B4-E51D-46C1-A962-074BD4D1872C}"
EndProject
Project("{F2A71F9B-5D33-465A-A702-920D77279786}") = "Factorial.Tests", "Factorial.Tests\Factorial.Tests.fsproj", "{C739B74A-4DA7-4635-93EC-167FB426C29B}"
EndProject
Global
	GlobalSection(SolutionConfigurationPlatforms) = preSolution
		Debug|Any CPU = Debug|Any CPU
		Release|Any CPU = Release|Any CPU
	EndGlobalSection
	GlobalSection(ProjectConfigurationPlatforms) = postSolution
		{388915B4-E51D-46C1-A962-074BD4D1872C}.Debug|Any CPU.ActiveCfg = Debug|Any CPU
		{388915B4-E51D-46C1-A962-074BD4D1872C}.Debug|Any CPU.Build.0 = Debug|Any CPU
		{388915B4-E51D-46C1-A962-074BD4D1872C}.Release|Any CPU.ActiveCfg = Release|Any CPU
		{388915B4-E51D-46C1-A962-074BD4D1872C}.Release|Any CPU.Build.0 = Release|Any CPU
		{C739B74A-4DA7-4635-93EC-167FB426C29B}.Debug|Any CPU.ActiveCfg = Debug|Any CPU
		{C739B74A-4DA7-4635-93EC-167FB426C29B}.Debug|Any CPU.Build.0 = Debug|Any CPU
		{C739B74A-4DA7-4635-93EC-167FB426C29B}.Release|Any CPU.ActiveCfg = Release|Any CPU
		{C739B74A-4DA7-4635-93EC-167FB426C29B}.Release|Any CPU.Build.0 = Release|Any CPU
	EndGlobalSection
	GlobalSection(SolutionProperties) = preSolution
		HideSolutionNode = FALSE
	EndGlobalSection
	GlobalSection(ExtensibilityGlobals) = postSolution
		SolutionGuid = {8BBD0210-CFD8-4090-AD8D-44030D5582D3}
	EndGlobalSection
EndGlobal
