
Microsoft Visual Studio Solution File, Format Version 12.00
# Visual Studio 15
VisualStudioVersion = 15.0.28307.421
MinimumVisualStudioVersion = 10.0.40219.1
Project("{F2A71F9B-5D33-465A-A702-920D77279786}") = "mapForTree", "mapForTree\mapForTree.fsproj", "{5E5B51CA-B5BD-4EA7-AFCE-6919DFAF447C}"
EndProject
Project("{F2A71F9B-5D33-465A-A702-920D77279786}") = "mapForTree.Tests", "mapForTree.Tests\mapForTree.Tests.fsproj", "{81AF1988-E979-47C2-A746-31C59A904A89}"
EndProject
Global
	GlobalSection(SolutionConfigurationPlatforms) = preSolution
		Debug|Any CPU = Debug|Any CPU
		Release|Any CPU = Release|Any CPU
	EndGlobalSection
	GlobalSection(ProjectConfigurationPlatforms) = postSolution
		{5E5B51CA-B5BD-4EA7-AFCE-6919DFAF447C}.Debug|Any CPU.ActiveCfg = Debug|Any CPU
		{5E5B51CA-B5BD-4EA7-AFCE-6919DFAF447C}.Debug|Any CPU.Build.0 = Debug|Any CPU
		{5E5B51CA-B5BD-4EA7-AFCE-6919DFAF447C}.Release|Any CPU.ActiveCfg = Release|Any CPU
		{5E5B51CA-B5BD-4EA7-AFCE-6919DFAF447C}.Release|Any CPU.Build.0 = Release|Any CPU
		{81AF1988-E979-47C2-A746-31C59A904A89}.Debug|Any CPU.ActiveCfg = Debug|Any CPU
		{81AF1988-E979-47C2-A746-31C59A904A89}.Debug|Any CPU.Build.0 = Debug|Any CPU
		{81AF1988-E979-47C2-A746-31C59A904A89}.Release|Any CPU.ActiveCfg = Release|Any CPU
		{81AF1988-E979-47C2-A746-31C59A904A89}.Release|Any CPU.Build.0 = Release|Any CPU
	EndGlobalSection
	GlobalSection(SolutionProperties) = preSolution
		HideSolutionNode = FALSE
	EndGlobalSection
	GlobalSection(ExtensibilityGlobals) = postSolution
		SolutionGuid = {E6B5F606-FA05-4CDF-9115-C31C8D9F6EF1}
	EndGlobalSection
EndGlobal
