
Microsoft Visual Studio Solution File, Format Version 12.00
# Visual Studio 15
VisualStudioVersion = 15.0.28307.421
MinimumVisualStudioVersion = 10.0.40219.1
Project("{F2A71F9B-5D33-465A-A702-920D77279786}") = "numberOfEvenNumberInList", "numberOfEvenNumberInList\numberOfEvenNumberInList.fsproj", "{FDF0976D-3B42-435E-8C85-51BB021AB085}"
EndProject
Project("{F2A71F9B-5D33-465A-A702-920D77279786}") = "numberOfEvenNumberInList.Tests", "numberOfEvenNumberInList.Tests\numberOfEvenNumberInList.Tests.fsproj", "{21FE4EB7-C090-420B-B734-EEDE1C74F4E0}"
EndProject
Global
	GlobalSection(SolutionConfigurationPlatforms) = preSolution
		Debug|Any CPU = Debug|Any CPU
		Release|Any CPU = Release|Any CPU
	EndGlobalSection
	GlobalSection(ProjectConfigurationPlatforms) = postSolution
		{FDF0976D-3B42-435E-8C85-51BB021AB085}.Debug|Any CPU.ActiveCfg = Debug|Any CPU
		{FDF0976D-3B42-435E-8C85-51BB021AB085}.Debug|Any CPU.Build.0 = Debug|Any CPU
		{FDF0976D-3B42-435E-8C85-51BB021AB085}.Release|Any CPU.ActiveCfg = Release|Any CPU
		{FDF0976D-3B42-435E-8C85-51BB021AB085}.Release|Any CPU.Build.0 = Release|Any CPU
		{21FE4EB7-C090-420B-B734-EEDE1C74F4E0}.Debug|Any CPU.ActiveCfg = Debug|Any CPU
		{21FE4EB7-C090-420B-B734-EEDE1C74F4E0}.Debug|Any CPU.Build.0 = Debug|Any CPU
		{21FE4EB7-C090-420B-B734-EEDE1C74F4E0}.Release|Any CPU.ActiveCfg = Release|Any CPU
		{21FE4EB7-C090-420B-B734-EEDE1C74F4E0}.Release|Any CPU.Build.0 = Release|Any CPU
	EndGlobalSection
	GlobalSection(SolutionProperties) = preSolution
		HideSolutionNode = FALSE
	EndGlobalSection
	GlobalSection(ExtensibilityGlobals) = postSolution
		SolutionGuid = {FA5D6D40-5524-41C1-BCC9-19EE902C5730}
	EndGlobalSection
EndGlobal
