
Microsoft Visual Studio Solution File, Format Version 12.00
# Visual Studio 15
VisualStudioVersion = 15.0.28307.421
MinimumVisualStudioVersion = 10.0.40219.1
Project("{6EC3EE1D-3C4E-46DD-8F32-0CC8E7565705}") = "MergeSort", "MergeSort\MergeSort.fsproj", "{A8A2776D-45DC-49B7-8E34-C57C429CAA44}"
EndProject
Project("{6EC3EE1D-3C4E-46DD-8F32-0CC8E7565705}") = "MergeSort.Tests", "MergeSort.Tests\MergeSort.Tests.fsproj", "{3B656552-AADC-4623-AAD3-2EC30F0398AE}"
EndProject
Global
	GlobalSection(SolutionConfigurationPlatforms) = preSolution
		Debug|Any CPU = Debug|Any CPU
		Release|Any CPU = Release|Any CPU
	EndGlobalSection
	GlobalSection(ProjectConfigurationPlatforms) = postSolution
		{A8A2776D-45DC-49B7-8E34-C57C429CAA44}.Debug|Any CPU.ActiveCfg = Debug|Any CPU
		{A8A2776D-45DC-49B7-8E34-C57C429CAA44}.Debug|Any CPU.Build.0 = Debug|Any CPU
		{A8A2776D-45DC-49B7-8E34-C57C429CAA44}.Release|Any CPU.ActiveCfg = Release|Any CPU
		{A8A2776D-45DC-49B7-8E34-C57C429CAA44}.Release|Any CPU.Build.0 = Release|Any CPU
		{3B656552-AADC-4623-AAD3-2EC30F0398AE}.Debug|Any CPU.ActiveCfg = Debug|Any CPU
		{3B656552-AADC-4623-AAD3-2EC30F0398AE}.Debug|Any CPU.Build.0 = Debug|Any CPU
		{3B656552-AADC-4623-AAD3-2EC30F0398AE}.Release|Any CPU.ActiveCfg = Release|Any CPU
		{3B656552-AADC-4623-AAD3-2EC30F0398AE}.Release|Any CPU.Build.0 = Release|Any CPU
	EndGlobalSection
	GlobalSection(SolutionProperties) = preSolution
		HideSolutionNode = FALSE
	EndGlobalSection
	GlobalSection(ExtensibilityGlobals) = postSolution
		SolutionGuid = {9C6A4F6A-1423-4B13-9592-3E0983D77C3C}
	EndGlobalSection
EndGlobal
