
Microsoft Visual Studio Solution File, Format Version 12.00
# Visual Studio 15
VisualStudioVersion = 15.0.28307.421
MinimumVisualStudioVersion = 10.0.40219.1
Project("{F2A71F9B-5D33-465A-A702-920D77279786}") = "workflowAccuracy", "workflowAccuracy\workflowAccuracy.fsproj", "{31468D1C-00CC-4382-AC2E-BC4FF691A270}"
EndProject
Project("{F2A71F9B-5D33-465A-A702-920D77279786}") = "workflowAccuracy.Tests", "workflowAccuracy.Tests\workflowAccuracy.Tests.fsproj", "{36765BFB-4532-4210-B7B5-7B15EA1C586F}"
EndProject
Global
	GlobalSection(SolutionConfigurationPlatforms) = preSolution
		Debug|Any CPU = Debug|Any CPU
		Release|Any CPU = Release|Any CPU
	EndGlobalSection
	GlobalSection(ProjectConfigurationPlatforms) = postSolution
		{31468D1C-00CC-4382-AC2E-BC4FF691A270}.Debug|Any CPU.ActiveCfg = Debug|Any CPU
		{31468D1C-00CC-4382-AC2E-BC4FF691A270}.Debug|Any CPU.Build.0 = Debug|Any CPU
		{31468D1C-00CC-4382-AC2E-BC4FF691A270}.Release|Any CPU.ActiveCfg = Release|Any CPU
		{31468D1C-00CC-4382-AC2E-BC4FF691A270}.Release|Any CPU.Build.0 = Release|Any CPU
		{36765BFB-4532-4210-B7B5-7B15EA1C586F}.Debug|Any CPU.ActiveCfg = Debug|Any CPU
		{36765BFB-4532-4210-B7B5-7B15EA1C586F}.Debug|Any CPU.Build.0 = Debug|Any CPU
		{36765BFB-4532-4210-B7B5-7B15EA1C586F}.Release|Any CPU.ActiveCfg = Release|Any CPU
		{36765BFB-4532-4210-B7B5-7B15EA1C586F}.Release|Any CPU.Build.0 = Release|Any CPU
	EndGlobalSection
	GlobalSection(SolutionProperties) = preSolution
		HideSolutionNode = FALSE
	EndGlobalSection
	GlobalSection(ExtensibilityGlobals) = postSolution
		SolutionGuid = {5E26A3D3-7C3A-4BB6-B1B3-F93C79FD44E3}
	EndGlobalSection
EndGlobal
